// !$*UTF8*$!
{
	archiveVersion = 1;
	classes = {
	};
	objectVersion = 50;
	objects = {

/* Begin PBXBuildFile section */
		88DE550B264D3AD7001AEFEE /* AppDelegate.swift in Sources */ = {isa = PBXBuildFile; fileRef = 88DE550A264D3AD7001AEFEE /* AppDelegate.swift */; };
		88DE550D264D3AD7001AEFEE /* SceneDelegate.swift in Sources */ = {isa = PBXBuildFile; fileRef = 88DE550C264D3AD7001AEFEE /* SceneDelegate.swift */; };
		88DE550F264D3AD7001AEFEE /* ConversationVC.swift in Sources */ = {isa = PBXBuildFile; fileRef = 88DE550E264D3AD7001AEFEE /* ConversationVC.swift */; };
		88DE5512264D3AD7001AEFEE /* Main.storyboard in Resources */ = {isa = PBXBuildFile; fileRef = 88DE5510264D3AD7001AEFEE /* Main.storyboard */; };
		88DE5514264D3AD9001AEFEE /* Assets.xcassets in Resources */ = {isa = PBXBuildFile; fileRef = 88DE5513264D3AD9001AEFEE /* Assets.xcassets */; };
		88DE5517264D3AD9001AEFEE /* LaunchScreen.storyboard in Resources */ = {isa = PBXBuildFile; fileRef = 88DE5515264D3AD9001AEFEE /* LaunchScreen.storyboard */; };
		88DE5525264D3EE3001AEFEE /* LoginVC.swift in Sources */ = {isa = PBXBuildFile; fileRef = 88DE5524264D3EE3001AEFEE /* LoginVC.swift */; };
		88DE5527264D3EFA001AEFEE /* RegisterVC.swift in Sources */ = {isa = PBXBuildFile; fileRef = 88DE5526264D3EFA001AEFEE /* RegisterVC.swift */; };
		88DE5529264D3F15001AEFEE /* PhotoViewerVC.swift in Sources */ = {isa = PBXBuildFile; fileRef = 88DE5528264D3F15001AEFEE /* PhotoViewerVC.swift */; };
		88DE552B264D3F30001AEFEE /* VideoPlayerVC.swift in Sources */ = {isa = PBXBuildFile; fileRef = 88DE552A264D3F30001AEFEE /* VideoPlayerVC.swift */; };
		88DE552D264D3F3E001AEFEE /* NewConversationVC.swift in Sources */ = {isa = PBXBuildFile; fileRef = 88DE552C264D3F3E001AEFEE /* NewConversationVC.swift */; };
		88DE552F264D3F4E001AEFEE /* ProfileVC.swift in Sources */ = {isa = PBXBuildFile; fileRef = 88DE552E264D3F4E001AEFEE /* ProfileVC.swift */; };
/* End PBXBuildFile section */

/* Begin PBXFileReference section */
		88DE5507264D3AD7001AEFEE /* Messenger.app */ = {isa = PBXFileReference; explicitFileType = wrapper.application; includeInIndex = 0; path = Messenger.app; sourceTree = BUILT_PRODUCTS_DIR; };
		88DE550A264D3AD7001AEFEE /* AppDelegate.swift */ = {isa = PBXFileReference; lastKnownFileType = sourcecode.swift; path = AppDelegate.swift; sourceTree = "<group>"; };
		88DE550C264D3AD7001AEFEE /* SceneDelegate.swift */ = {isa = PBXFileReference; lastKnownFileType = sourcecode.swift; path = SceneDelegate.swift; sourceTree = "<group>"; };
		88DE550E264D3AD7001AEFEE /* ConversationVC.swift */ = {isa = PBXFileReference; lastKnownFileType = sourcecode.swift; path = ConversationVC.swift; sourceTree = "<group>"; };
		88DE5511264D3AD7001AEFEE /* Base */ = {isa = PBXFileReference; lastKnownFileType = file.storyboard; name = Base; path = Base.lproj/Main.storyboard; sourceTree = "<group>"; };
		88DE5513264D3AD9001AEFEE /* Assets.xcassets */ = {isa = PBXFileReference; lastKnownFileType = folder.assetcatalog; path = Assets.xcassets; sourceTree = "<group>"; };
		88DE5516264D3AD9001AEFEE /* Base */ = {isa = PBXFileReference; lastKnownFileType = file.storyboard; name = Base; path = Base.lproj/LaunchScreen.storyboard; sourceTree = "<group>"; };
		88DE5518264D3AD9001AEFEE /* Info.plist */ = {isa = PBXFileReference; lastKnownFileType = text.plist.xml; path = Info.plist; sourceTree = "<group>"; };
		88DE5524264D3EE3001AEFEE /* LoginVC.swift */ = {isa = PBXFileReference; lastKnownFileType = sourcecode.swift; path = LoginVC.swift; sourceTree = "<group>"; };
		88DE5526264D3EFA001AEFEE /* RegisterVC.swift */ = {isa = PBXFileReference; lastKnownFileType = sourcecode.swift; path = RegisterVC.swift; sourceTree = "<group>"; };
		88DE5528264D3F15001AEFEE /* PhotoViewerVC.swift */ = {isa = PBXFileReference; lastKnownFileType = sourcecode.swift; path = PhotoViewerVC.swift; sourceTree = "<group>"; };
		88DE552A264D3F30001AEFEE /* VideoPlayerVC.swift */ = {isa = PBXFileReference; lastKnownFileType = sourcecode.swift; path = VideoPlayerVC.swift; sourceTree = "<group>"; };
		88DE552C264D3F3E001AEFEE /* NewConversationVC.swift */ = {isa = PBXFileReference; lastKnownFileType = sourcecode.swift; path = NewConversationVC.swift; sourceTree = "<group>"; };
		88DE552E264D3F4E001AEFEE /* ProfileVC.swift */ = {isa = PBXFileReference; lastKnownFileType = sourcecode.swift; path = ProfileVC.swift; sourceTree = "<group>"; };
/* End PBXFileReference section */

/* Begin PBXFrameworksBuildPhase section */
		88DE5504264D3AD7001AEFEE /* Frameworks */ = {
			isa = PBXFrameworksBuildPhase;
			buildActionMask = 2147483647;
			files = (
			);
			runOnlyForDeploymentPostprocessing = 0;
		};
/* End PBXFrameworksBuildPhase section */

/* Begin PBXGroup section */
		88DE54FE264D3AD7001AEFEE = {
			isa = PBXGroup;
			children = (
				88DE5509264D3AD7001AEFEE /* Messenger */,
				88DE5508264D3AD7001AEFEE /* Products */,
			);
			sourceTree = "<group>";
		};
		88DE5508264D3AD7001AEFEE /* Products */ = {
			isa = PBXGroup;
			children = (
				88DE5507264D3AD7001AEFEE /* Messenger.app */,
			);
			name = Products;
			sourceTree = "<group>";
		};
		88DE5509264D3AD7001AEFEE /* Messenger */ = {
			isa = PBXGroup;
			children = (
				88DE5521264D3CDA001AEFEE /* Resources */,
				88DE551F264D3CC2001AEFEE /* ViewModels */,
				88DE5520264D3CD3001AEFEE /* Models */,
				88DE5522264D3D0E001AEFEE /* Views */,
				88DE551E264D3CB2001AEFEE /* Controllers */,
				88DE5518264D3AD9001AEFEE /* Info.plist */,
			);
			path = Messenger;
			sourceTree = "<group>";
		};
		88DE551E264D3CB2001AEFEE /* Controllers */ = {
			isa = PBXGroup;
			children = (
				88DE550E264D3AD7001AEFEE /* ConversationVC.swift */,
				88DE5524264D3EE3001AEFEE /* LoginVC.swift */,
				88DE5526264D3EFA001AEFEE /* RegisterVC.swift */,
				88DE5528264D3F15001AEFEE /* PhotoViewerVC.swift */,
				88DE552A264D3F30001AEFEE /* VideoPlayerVC.swift */,
				88DE552C264D3F3E001AEFEE /* NewConversationVC.swift */,
				88DE552E264D3F4E001AEFEE /* ProfileVC.swift */,
			);
			path = Controllers;
			sourceTree = "<group>";
		};
		88DE551F264D3CC2001AEFEE /* ViewModels */ = {
			isa = PBXGroup;
			children = (
			);
			path = ViewModels;
			sourceTree = "<group>";
		};
		88DE5520264D3CD3001AEFEE /* Models */ = {
			isa = PBXGroup;
			children = (
			);
			path = Models;
			sourceTree = "<group>";
		};
		88DE5521264D3CDA001AEFEE /* Resources */ = {
			isa = PBXGroup;
			children = (
				88DE550A264D3AD7001AEFEE /* AppDelegate.swift */,
				88DE550C264D3AD7001AEFEE /* SceneDelegate.swift */,
			);
			path = Resources;
			sourceTree = "<group>";
		};
		88DE5522264D3D0E001AEFEE /* Views */ = {
			isa = PBXGroup;
			children = (
				88DE5523264D3D42001AEFEE /* Storyboard */,
				88DE5513264D3AD9001AEFEE /* Assets.xcassets */,
			);
			path = Views;
			sourceTree = "<group>";
		};
		88DE5523264D3D42001AEFEE /* Storyboard */ = {
			isa = PBXGroup;
			children = (
				88DE5510264D3AD7001AEFEE /* Main.storyboard */,
				88DE5515264D3AD9001AEFEE /* LaunchScreen.storyboard */,
			);
			path = Storyboard;
			sourceTree = "<group>";
		};
/* End PBXGroup section */

/* Begin PBXNativeTarget section */
		88DE5506264D3AD7001AEFEE /* Messenger */ = {
			isa = PBXNativeTarget;
			buildConfigurationList = 88DE551B264D3AD9001AEFEE /* Build configuration list for PBXNativeTarget "Messenger" */;
			buildPhases = (
				88DE5503264D3AD7001AEFEE /* Sources */,
				88DE5504264D3AD7001AEFEE /* Frameworks */,
				88DE5505264D3AD7001AEFEE /* Resources */,
			);
			buildRules = (
			);
			dependencies = (
			);
			name = Messenger;
			productName = Messenger;
			productReference = 88DE5507264D3AD7001AEFEE /* Messenger.app */;
			productType = "com.apple.product-type.application";
		};
/* End PBXNativeTarget section */

/* Begin PBXProject section */
		88DE54FF264D3AD7001AEFEE /* Project object */ = {
			isa = PBXProject;
			attributes = {
				LastSwiftUpdateCheck = 1250;
				LastUpgradeCheck = 1250;
				TargetAttributes = {
					88DE5506264D3AD7001AEFEE = {
						CreatedOnToolsVersion = 12.5;
					};
				};
			};
			buildConfigurationList = 88DE5502264D3AD7001AEFEE /* Build configuration list for PBXProject "Messenger" */;
			compatibilityVersion = "Xcode 9.3";
			developmentRegion = en;
			hasScannedForEncodings = 0;
			knownRegions = (
				en,
				Base,
			);
			mainGroup = 88DE54FE264D3AD7001AEFEE;
			productRefGroup = 88DE5508264D3AD7001AEFEE /* Products */;
			projectDirPath = "";
			projectRoot = "";
			targets = (
				88DE5506264D3AD7001AEFEE /* Messenger */,
			);
		};
/* End PBXProject section */

/* Begin PBXResourcesBuildPhase section */
		88DE5505264D3AD7001AEFEE /* Resources */ = {
			isa = PBXResourcesBuildPhase;
			buildActionMask = 2147483647;
			files = (
				88DE5517264D3AD9001AEFEE /* LaunchScreen.storyboard in Resources */,
				88DE5514264D3AD9001AEFEE /* Assets.xcassets in Resources */,
				88DE5512264D3AD7001AEFEE /* Main.storyboard in Resources */,
			);
			runOnlyForDeploymentPostprocessing = 0;
		};
/* End PBXResourcesBuildPhase section */

/* Begin PBXSourcesBuildPhase section */
		88DE5503264D3AD7001AEFEE /* Sources */ = {
			isa = PBXSourcesBuildPhase;
			buildActionMask = 2147483647;
			files = (
				88DE552D264D3F3E001AEFEE /* NewConversationVC.swift in Sources */,
				88DE552B264D3F30001AEFEE /* VideoPlayerVC.swift in Sources */,
				88DE550F264D3AD7001AEFEE /* ConversationVC.swift in Sources */,
				88DE552F264D3F4E001AEFEE /* ProfileVC.swift in Sources */,
				88DE550B264D3AD7001AEFEE /* AppDelegate.swift in Sources */,
				88DE5525264D3EE3001AEFEE /* LoginVC.swift in Sources */,
				88DE5529264D3F15001AEFEE /* PhotoViewerVC.swift in Sources */,
				88DE550D264D3AD7001AEFEE /* SceneDelegate.swift in Sources */,
				88DE5527264D3EFA001AEFEE /* RegisterVC.swift in Sources */,
			);
			runOnlyForDeploymentPostprocessing = 0;
		};
/* End PBXSourcesBuildPhase section */

/* Begin PBXVariantGroup section */
		88DE5510264D3AD7001AEFEE /* Main.storyboard */ = {
			isa = PBXVariantGroup;
			children = (
				88DE5511264D3AD7001AEFEE /* Base */,
			);
			name = Main.storyboard;
			sourceTree = "<group>";
		};
		88DE5515264D3AD9001AEFEE /* LaunchScreen.storyboard */ = {
			isa = PBXVariantGroup;
			children = (
				88DE5516264D3AD9001AEFEE /* Base */,
			);
			name = LaunchScreen.storyboard;
			sourceTree = "<group>";
		};
/* End PBXVariantGroup section */

/* Begin XCBuildConfiguration section */
		88DE5519264D3AD9001AEFEE /* Debug */ = {
			isa = XCBuildConfiguration;
			buildSettings = {
				ALWAYS_SEARCH_USER_PATHS = NO;
				CLANG_ANALYZER_NONNULL = YES;
				CLANG_ANALYZER_NUMBER_OBJECT_CONVERSION = YES_AGGRESSIVE;
				CLANG_CXX_LANGUAGE_STANDARD = "gnu++14";
				CLANG_CXX_LIBRARY = "libc++";
				CLANG_ENABLE_MODULES = YES;
				CLANG_ENABLE_OBJC_ARC = YES;
				CLANG_ENABLE_OBJC_WEAK = YES;
				CLANG_WARN_BLOCK_CAPTURE_AUTORELEASING = YES;
				CLANG_WARN_BOOL_CONVERSION = YES;
				CLANG_WARN_COMMA = YES;
				CLANG_WARN_CONSTANT_CONVERSION = YES;
				CLANG_WARN_DEPRECATED_OBJC_IMPLEMENTATIONS = YES;
				CLANG_WARN_DIRECT_OBJC_ISA_USAGE = YES_ERROR;
				CLANG_WARN_DOCUMENTATION_COMMENTS = YES;
				CLANG_WARN_EMPTY_BODY = YES;
				CLANG_WARN_ENUM_CONVERSION = YES;
				CLANG_WARN_INFINITE_RECURSION = YES;
				CLANG_WARN_INT_CONVERSION = YES;
				CLANG_WARN_NON_LITERAL_NULL_CONVERSION = YES;
				CLANG_WARN_OBJC_IMPLICIT_RETAIN_SELF = YES;
				CLANG_WARN_OBJC_LITERAL_CONVERSION = YES;
				CLANG_WARN_OBJC_ROOT_CLASS = YES_ERROR;
				CLANG_WARN_QUOTED_INCLUDE_IN_FRAMEWORK_HEADER = YES;
				CLANG_WARN_RANGE_LOOP_ANALYSIS = YES;
				CLANG_WARN_STRICT_PROTOTYPES = YES;
				CLANG_WARN_SUSPICIOUS_MOVE = YES;
				CLANG_WARN_UNGUARDED_AVAILABILITY = YES_AGGRESSIVE;
				CLANG_WARN_UNREACHABLE_CODE = YES;
				CLANG_WARN__DUPLICATE_METHOD_MATCH = YES;
				COPY_PHASE_STRIP = NO;
				DEBUG_INFORMATION_FORMAT = dwarf;
				ENABLE_STRICT_OBJC_MSGSEND = YES;
				ENABLE_TESTABILITY = YES;
				GCC_C_LANGUAGE_STANDARD = gnu11;
				GCC_DYNAMIC_NO_PIC = NO;
				GCC_NO_COMMON_BLOCKS = YES;
				GCC_OPTIMIZATION_LEVEL = 0;
				GCC_PREPROCESSOR_DEFINITIONS = (
					"DEBUG=1",
					"$(inherited)",
				);
				GCC_WARN_64_TO_32_BIT_CONVERSION = YES;
				GCC_WARN_ABOUT_RETURN_TYPE = YES_ERROR;
				GCC_WARN_UNDECLARED_SELECTOR = YES;
				GCC_WARN_UNINITIALIZED_AUTOS = YES_AGGRESSIVE;
				GCC_WARN_UNUSED_FUNCTION = YES;
				GCC_WARN_UNUSED_VARIABLE = YES;
				IPHONEOS_DEPLOYMENT_TARGET = 14.5;
				MTL_ENABLE_DEBUG_INFO = INCLUDE_SOURCE;
				MTL_FAST_MATH = YES;
				ONLY_ACTIVE_ARCH = YES;
				SDKROOT = iphoneos;
				SWIFT_ACTIVE_COMPILATION_CONDITIONS = DEBUG;
				SWIFT_OPTIMIZATION_LEVEL = "-Onone";
			};
			name = Debug;
		};
		88DE551A264D3AD9001AEFEE /* Release */ = {
			isa = XCBuildConfiguration;
			buildSettings = {
				ALWAYS_SEARCH_USER_PATHS = NO;
				CLANG_ANALYZER_NONNULL = YES;
				CLANG_ANALYZER_NUMBER_OBJECT_CONVERSION = YES_AGGRESSIVE;
				CLANG_CXX_LANGUAGE_STANDARD = "gnu++14";
				CLANG_CXX_LIBRARY = "libc++";
				CLANG_ENABLE_MODULES = YES;
				CLANG_ENABLE_OBJC_ARC = YES;
				CLANG_ENABLE_OBJC_WEAK = YES;
				CLANG_WARN_BLOCK_CAPTURE_AUTORELEASING = YES;
				CLANG_WARN_BOOL_CONVERSION = YES;
				CLANG_WARN_COMMA = YES;
				CLANG_WARN_CONSTANT_CONVERSION = YES;
				CLANG_WARN_DEPRECATED_OBJC_IMPLEMENTATIONS = YES;
				CLANG_WARN_DIRECT_OBJC_ISA_USAGE = YES_ERROR;
				CLANG_WARN_DOCUMENTATION_COMMENTS = YES;
				CLANG_WARN_EMPTY_BODY = YES;
				CLANG_WARN_ENUM_CONVERSION = YES;
				CLANG_WARN_INFINITE_RECURSION = YES;
				CLANG_WARN_INT_CONVERSION = YES;
				CLANG_WARN_NON_LITERAL_NULL_CONVERSION = YES;
				CLANG_WARN_OBJC_IMPLICIT_RETAIN_SELF = YES;
				CLANG_WARN_OBJC_LITERAL_CONVERSION = YES;
				CLANG_WARN_OBJC_ROOT_CLASS = YES_ERROR;
				CLANG_WARN_QUOTED_INCLUDE_IN_FRAMEWORK_HEADER = YES;
				CLANG_WARN_RANGE_LOOP_ANALYSIS = YES;
				CLANG_WARN_STRICT_PROTOTYPES = YES;
				CLANG_WARN_SUSPICIOUS_MOVE = YES;
				CLANG_WARN_UNGUARDED_AVAILABILITY = YES_AGGRESSIVE;
				CLANG_WARN_UNREACHABLE_CODE = YES;
				CLANG_WARN__DUPLICATE_METHOD_MATCH = YES;
				COPY_PHASE_STRIP = NO;
				DEBUG_INFORMATION_FORMAT = "dwarf-with-dsym";
				ENABLE_NS_ASSERTIONS = NO;
				ENABLE_STRICT_OBJC_MSGSEND = YES;
				GCC_C_LANGUAGE_STANDARD = gnu11;
				GCC_NO_COMMON_BLOCKS = YES;
				GCC_WARN_64_TO_32_BIT_CONVERSION = YES;
				GCC_WARN_ABOUT_RETURN_TYPE = YES_ERROR;
				GCC_WARN_UNDECLARED_SELECTOR = YES;
				GCC_WARN_UNINITIALIZED_AUTOS = YES_AGGRESSIVE;
				GCC_WARN_UNUSED_FUNCTION = YES;
				GCC_WARN_UNUSED_VARIABLE = YES;
				IPHONEOS_DEPLOYMENT_TARGET = 14.5;
				MTL_ENABLE_DEBUG_INFO = NO;
				MTL_FAST_MATH = YES;
				SDKROOT = iphoneos;
				SWIFT_COMPILATION_MODE = wholemodule;
				SWIFT_OPTIMIZATION_LEVEL = "-O";
				VALIDATE_PRODUCT = YES;
			};
			name = Release;
		};
		88DE551C264D3AD9001AEFEE /* Debug */ = {
			isa = XCBuildConfiguration;
			buildSettings = {
				ASSETCATALOG_COMPILER_APPICON_NAME = AppIcon;
				ASSETCATALOG_COMPILER_GLOBAL_ACCENT_COLOR_NAME = AccentColor;
				CODE_SIGN_STYLE = Automatic;
				DEVELOPMENT_TEAM = NJ49S5QG3H;
				INFOPLIST_FILE = Messenger/Info.plist;
				LD_RUNPATH_SEARCH_PATHS = (
					"$(inherited)",
					"@executable_path/Frameworks",
				);
				PRODUCT_BUNDLE_IDENTIFIER = com.Messenger;
				PRODUCT_NAME = "$(TARGET_NAME)";
				SWIFT_VERSION = 5.0;
				TARGETED_DEVICE_FAMILY = "1,2";
			};
			name = Debug;
		};
		88DE551D264D3AD9001AEFEE /* Release */ = {
			isa = XCBuildConfiguration;
			buildSettings = {
				ASSETCATALOG_COMPILER_APPICON_NAME = AppIcon;
				ASSETCATALOG_COMPILER_GLOBAL_ACCENT_COLOR_NAME = AccentColor;
				CODE_SIGN_STYLE = Automatic;
				DEVELOPMENT_TEAM = NJ49S5QG3H;
				INFOPLIST_FILE = Messenger/Info.plist;
				LD_RUNPATH_SEARCH_PATHS = (
					"$(inherited)",
					"@executable_path/Frameworks",
				);
				PRODUCT_BUNDLE_IDENTIFIER = com.Messenger;
				PRODUCT_NAME = "$(TARGET_NAME)";
				SWIFT_VERSION = 5.0;
				TARGETED_DEVICE_FAMILY = "1,2";
			};
			name = Release;
		};
/* End XCBuildConfiguration section */

/* Begin XCConfigurationList section */
		88DE5502264D3AD7001AEFEE /* Build configuration list for PBXProject "Messenger" */ = {
			isa = XCConfigurationList;
			buildConfigurations = (
				88DE5519264D3AD9001AEFEE /* Debug */,
				88DE551A264D3AD9001AEFEE /* Release */,
			);
			defaultConfigurationIsVisible = 0;
			defaultConfigurationName = Release;
		};
		88DE551B264D3AD9001AEFEE /* Build configuration list for PBXNativeTarget "Messenger" */ = {
			isa = XCConfigurationList;
			buildConfigurations = (
				88DE551C264D3AD9001AEFEE /* Debug */,
				88DE551D264D3AD9001AEFEE /* Release */,
			);
			defaultConfigurationIsVisible = 0;
			defaultConfigurationName = Release;
		};
/* End XCConfigurationList section */
	};
	rootObject = 88DE54FF264D3AD7001AEFEE /* Project object */;
}
